// !$*UTF8*$!
{
	archiveVersion = 1;
	classes = {
	};
	objectVersion = 51;
	objects = {

/* Begin PBXBuildFile section */
		230EDB14269DA0EA006F4EF4 /* AppDelegate.swift in Sources */ = {isa = PBXBuildFile; fileRef = 230EDB13269DA0EA006F4EF4 /* AppDelegate.swift */; };
		230EDB16269DA0EA006F4EF4 /* SceneDelegate.swift in Sources */ = {isa = PBXBuildFile; fileRef = 230EDB15269DA0EA006F4EF4 /* SceneDelegate.swift */; };
		230EDB18269DA0EA006F4EF4 /* StudyPageViewController.swift in Sources */ = {isa = PBXBuildFile; fileRef = 230EDB17269DA0EA006F4EF4 /* StudyPageViewController.swift */; };
		230EDB1B269DA0EA006F4EF4 /* Main.storyboard in Resources */ = {isa = PBXBuildFile; fileRef = 230EDB19269DA0EA006F4EF4 /* Main.storyboard */; };
		230EDB1D269DA0EF006F4EF4 /* Assets.xcassets in Resources */ = {isa = PBXBuildFile; fileRef = 230EDB1C269DA0EF006F4EF4 /* Assets.xcassets */; };
		230EDB20269DA0EF006F4EF4 /* LaunchScreen.storyboard in Resources */ = {isa = PBXBuildFile; fileRef = 230EDB1E269DA0EF006F4EF4 /* LaunchScreen.storyboard */; };
		23226E6F269ECC0A002563AA /* NewSubjectController.swift in Sources */ = {isa = PBXBuildFile; fileRef = 23226E6E269ECC0A002563AA /* NewSubjectController.swift */; };
		232F115F26A592DB000EA830 /* TimeConverter.swift in Sources */ = {isa = PBXBuildFile; fileRef = 232F115E26A592DB000EA830 /* TimeConverter.swift */; };
		232F116126A5A488000EA830 /* Entire.swift in Sources */ = {isa = PBXBuildFile; fileRef = 232F116026A5A488000EA830 /* Entire.swift */; };
		232F116326A5A495000EA830 /* Month.swift in Sources */ = {isa = PBXBuildFile; fileRef = 232F116226A5A495000EA830 /* Month.swift */; };
		232F116526A87009000EA830 /* SubjectDetailViewController.swift in Sources */ = {isa = PBXBuildFile; fileRef = 232F116426A87009000EA830 /* SubjectDetailViewController.swift */; };
		232F116726A9568A000EA830 /* HistoryUpdateViewController.swift in Sources */ = {isa = PBXBuildFile; fileRef = 232F116626A9568A000EA830 /* HistoryUpdateViewController.swift */; };
		2342E9E4269DBD9F00C325A1 /* Then.swift in Sources */ = {isa = PBXBuildFile; fileRef = 2342E9E3269DBD9F00C325A1 /* Then.swift */; };
		2342E9E7269DC23100C325A1 /* CGRect+.swift in Sources */ = {isa = PBXBuildFile; fileRef = 2342E9E6269DC23100C325A1 /* CGRect+.swift */; };
		2342E9EC269DC6EA00C325A1 /* StudyCollectionViewController.swift in Sources */ = {isa = PBXBuildFile; fileRef = 2342E9EB269DC6EA00C325A1 /* StudyCollectionViewController.swift */; };
		2342E9EE269DD39500C325A1 /* UIColor+.swift in Sources */ = {isa = PBXBuildFile; fileRef = 2342E9ED269DD39500C325A1 /* UIColor+.swift */; };
		2342E9F0269DD44900C325A1 /* UX.swift in Sources */ = {isa = PBXBuildFile; fileRef = 2342E9EF269DD44900C325A1 /* UX.swift */; };
		2342E9F2269DD79200C325A1 /* Subject.swift in Sources */ = {isa = PBXBuildFile; fileRef = 2342E9F1269DD79200C325A1 /* Subject.swift */; };
		2342E9F4269DD7D100C325A1 /* StudyCollectionCell.swift in Sources */ = {isa = PBXBuildFile; fileRef = 2342E9F3269DD7D100C325A1 /* StudyCollectionCell.swift */; };
		2342E9F6269DEF4800C325A1 /* DataSaver.swift in Sources */ = {isa = PBXBuildFile; fileRef = 2342E9F5269DEF4800C325A1 /* DataSaver.swift */; };
		2359A03626A19C7E0080FF7F /* EditViewController.swift in Sources */ = {isa = PBXBuildFile; fileRef = 2359A03526A19C7E0080FF7F /* EditViewController.swift */; };
		2359A03826A1C1020080FF7F /* DateViewController.swift in Sources */ = {isa = PBXBuildFile; fileRef = 2359A03726A1C1020080FF7F /* DateViewController.swift */; };
		2359A03A26A1E6090080FF7F /* TotalViewController.swift in Sources */ = {isa = PBXBuildFile; fileRef = 2359A03926A1E6090080FF7F /* TotalViewController.swift */; };
		2359A03C26A1EB560080FF7F /* TotalProgress.swift in Sources */ = {isa = PBXBuildFile; fileRef = 2359A03B26A1EB560080FF7F /* TotalProgress.swift */; };
		2359A03E26A1FB2B0080FF7F /* DateUtil.swift in Sources */ = {isa = PBXBuildFile; fileRef = 2359A03D26A1FB2B0080FF7F /* DateUtil.swift */; };
		2385B9E226B4712C006A2E72 /* GoalTimeUpdateViewController.swift in Sources */ = {isa = PBXBuildFile; fileRef = 2385B9E126B4712C006A2E72 /* GoalTimeUpdateViewController.swift */; };
		239F5B7326A4047600120BDA /* UIStackView+.swift in Sources */ = {isa = PBXBuildFile; fileRef = 239F5B7226A4047600120BDA /* UIStackView+.swift */; };
		6AECA10BFF74C1D94CC853E6 /* Pods_StudyTimer.framework in Frameworks */ = {isa = PBXBuildFile; fileRef = 993584280FE6065C151C2C9C /* Pods_StudyTimer.framework */; };
/* End PBXBuildFile section */

/* Begin PBXFileReference section */
		0C4F28279743328BC7876DE7 /* Pods-StudyTimer.debug.xcconfig */ = {isa = PBXFileReference; includeInIndex = 1; lastKnownFileType = text.xcconfig; name = "Pods-StudyTimer.debug.xcconfig"; path = "Target Support Files/Pods-StudyTimer/Pods-StudyTimer.debug.xcconfig"; sourceTree = "<group>"; };
		1CB47B71B6A614476E18A241 /* Pods-StudyTimer.release.xcconfig */ = {isa = PBXFileReference; includeInIndex = 1; lastKnownFileType = text.xcconfig; name = "Pods-StudyTimer.release.xcconfig"; path = "Target Support Files/Pods-StudyTimer/Pods-StudyTimer.release.xcconfig"; sourceTree = "<group>"; };
		230EDB10269DA0EA006F4EF4 /* StudyTimer.app */ = {isa = PBXFileReference; explicitFileType = wrapper.application; includeInIndex = 0; path = StudyTimer.app; sourceTree = BUILT_PRODUCTS_DIR; };
		230EDB13269DA0EA006F4EF4 /* AppDelegate.swift */ = {isa = PBXFileReference; lastKnownFileType = sourcecode.swift; path = AppDelegate.swift; sourceTree = "<group>"; };
		230EDB15269DA0EA006F4EF4 /* SceneDelegate.swift */ = {isa = PBXFileReference; lastKnownFileType = sourcecode.swift; path = SceneDelegate.swift; sourceTree = "<group>"; };
		230EDB17269DA0EA006F4EF4 /* StudyPageViewController.swift */ = {isa = PBXFileReference; lastKnownFileType = sourcecode.swift; path = StudyPageViewController.swift; sourceTree = "<group>"; };
		230EDB1A269DA0EA006F4EF4 /* Base */ = {isa = PBXFileReference; lastKnownFileType = file.storyboard; name = Base; path = Base.lproj/Main.storyboard; sourceTree = "<group>"; };
		230EDB1C269DA0EF006F4EF4 /* Assets.xcassets */ = {isa = PBXFileReference; lastKnownFileType = folder.assetcatalog; path = Assets.xcassets; sourceTree = "<group>"; };
		230EDB1F269DA0EF006F4EF4 /* Base */ = {isa = PBXFileReference; lastKnownFileType = file.storyboard; name = Base; path = Base.lproj/LaunchScreen.storyboard; sourceTree = "<group>"; };
		230EDB21269DA0EF006F4EF4 /* Info.plist */ = {isa = PBXFileReference; lastKnownFileType = text.plist.xml; path = Info.plist; sourceTree = "<group>"; };
		23226E6E269ECC0A002563AA /* NewSubjectController.swift */ = {isa = PBXFileReference; lastKnownFileType = sourcecode.swift; path = NewSubjectController.swift; sourceTree = "<group>"; };
		232F115E26A592DB000EA830 /* TimeConverter.swift */ = {isa = PBXFileReference; lastKnownFileType = sourcecode.swift; path = TimeConverter.swift; sourceTree = "<group>"; };
		232F116026A5A488000EA830 /* Entire.swift */ = {isa = PBXFileReference; lastKnownFileType = sourcecode.swift; path = Entire.swift; sourceTree = "<group>"; };
		232F116226A5A495000EA830 /* Month.swift */ = {isa = PBXFileReference; lastKnownFileType = sourcecode.swift; path = Month.swift; sourceTree = "<group>"; };
		232F116426A87009000EA830 /* SubjectDetailViewController.swift */ = {isa = PBXFileReference; lastKnownFileType = sourcecode.swift; path = SubjectDetailViewController.swift; sourceTree = "<group>"; };
		232F116626A9568A000EA830 /* HistoryUpdateViewController.swift */ = {isa = PBXFileReference; lastKnownFileType = sourcecode.swift; path = HistoryUpdateViewController.swift; sourceTree = "<group>"; };
		2342E9E3269DBD9F00C325A1 /* Then.swift */ = {isa = PBXFileReference; lastKnownFileType = sourcecode.swift; path = Then.swift; sourceTree = "<group>"; };
		2342E9E6269DC23100C325A1 /* CGRect+.swift */ = {isa = PBXFileReference; lastKnownFileType = sourcecode.swift; path = "CGRect+.swift"; sourceTree = "<group>"; };
		2342E9EB269DC6EA00C325A1 /* StudyCollectionViewController.swift */ = {isa = PBXFileReference; lastKnownFileType = sourcecode.swift; path = StudyCollectionViewController.swift; sourceTree = "<group>"; };
		2342E9ED269DD39500C325A1 /* UIColor+.swift */ = {isa = PBXFileReference; lastKnownFileType = sourcecode.swift; path = "UIColor+.swift"; sourceTree = "<group>"; };
		2342E9EF269DD44900C325A1 /* UX.swift */ = {isa = PBXFileReference; lastKnownFileType = sourcecode.swift; path = UX.swift; sourceTree = "<group>"; };
		2342E9F1269DD79200C325A1 /* Subject.swift */ = {isa = PBXFileReference; lastKnownFileType = sourcecode.swift; path = Subject.swift; sourceTree = "<group>"; };
		2342E9F3269DD7D100C325A1 /* StudyCollectionCell.swift */ = {isa = PBXFileReference; lastKnownFileType = sourcecode.swift; path = StudyCollectionCell.swift; sourceTree = "<group>"; };
		2342E9F5269DEF4800C325A1 /* DataSaver.swift */ = {isa = PBXFileReference; lastKnownFileType = sourcecode.swift; path = DataSaver.swift; sourceTree = "<group>"; };
		2359A03526A19C7E0080FF7F /* EditViewController.swift */ = {isa = PBXFileReference; lastKnownFileType = sourcecode.swift; path = EditViewController.swift; sourceTree = "<group>"; };
		2359A03726A1C1020080FF7F /* DateViewController.swift */ = {isa = PBXFileReference; lastKnownFileType = sourcecode.swift; path = DateViewController.swift; sourceTree = "<group>"; };
		2359A03926A1E6090080FF7F /* TotalViewController.swift */ = {isa = PBXFileReference; lastKnownFileType = sourcecode.swift; path = TotalViewController.swift; sourceTree = "<group>"; };
		2359A03B26A1EB560080FF7F /* TotalProgress.swift */ = {isa = PBXFileReference; lastKnownFileType = sourcecode.swift; path = TotalProgress.swift; sourceTree = "<group>"; };
		2359A03D26A1FB2B0080FF7F /* DateUtil.swift */ = {isa = PBXFileReference; lastKnownFileType = sourcecode.swift; path = DateUtil.swift; sourceTree = "<group>"; };
		2385B9E126B4712C006A2E72 /* GoalTimeUpdateViewController.swift */ = {isa = PBXFileReference; lastKnownFileType = sourcecode.swift; path = GoalTimeUpdateViewController.swift; sourceTree = "<group>"; };
		239F5B7226A4047600120BDA /* UIStackView+.swift */ = {isa = PBXFileReference; lastKnownFileType = sourcecode.swift; path = "UIStackView+.swift"; sourceTree = "<group>"; };
		993584280FE6065C151C2C9C /* Pods_StudyTimer.framework */ = {isa = PBXFileReference; explicitFileType = wrapper.framework; includeInIndex = 0; path = Pods_StudyTimer.framework; sourceTree = BUILT_PRODUCTS_DIR; };
/* End PBXFileReference section */

/* Begin PBXFrameworksBuildPhase section */
		230EDB0D269DA0EA006F4EF4 /* Frameworks */ = {
			isa = PBXFrameworksBuildPhase;
			buildActionMask = 2147483647;
			files = (
				6AECA10BFF74C1D94CC853E6 /* Pods_StudyTimer.framework in Frameworks */,
			);
			runOnlyForDeploymentPostprocessing = 0;
		};
/* End PBXFrameworksBuildPhase section */

/* Begin PBXGroup section */
		230EDB07269DA0EA006F4EF4 = {
			isa = PBXGroup;
			children = (
				230EDB12269DA0EA006F4EF4 /* StudyTimer */,
				230EDB11269DA0EA006F4EF4 /* Products */,
				E0B0EE3DC88FE2E5464D215F /* Pods */,
				97B8EFA79AFEB5B97E15CC28 /* Frameworks */,
			);
			sourceTree = "<group>";
		};
		230EDB11269DA0EA006F4EF4 /* Products */ = {
			isa = PBXGroup;
			children = (
				230EDB10269DA0EA006F4EF4 /* StudyTimer.app */,
			);
			name = Products;
			sourceTree = "<group>";
		};
		230EDB12269DA0EA006F4EF4 /* StudyTimer */ = {
			isa = PBXGroup;
			children = (
				2342E9E8269DC26500C325A1 /* UI */,
				2342E9E5269DC21300C325A1 /* Extensions */,
				2342E9E2269DBD9200C325A1 /* Utils */,
				230EDB13269DA0EA006F4EF4 /* AppDelegate.swift */,
				230EDB15269DA0EA006F4EF4 /* SceneDelegate.swift */,
				230EDB19269DA0EA006F4EF4 /* Main.storyboard */,
				230EDB1C269DA0EF006F4EF4 /* Assets.xcassets */,
				230EDB1E269DA0EF006F4EF4 /* LaunchScreen.storyboard */,
				230EDB21269DA0EF006F4EF4 /* Info.plist */,
			);
			path = StudyTimer;
			sourceTree = "<group>";
		};
		2342E9E2269DBD9200C325A1 /* Utils */ = {
			isa = PBXGroup;
			children = (
				2342E9E3269DBD9F00C325A1 /* Then.swift */,
				2342E9F1269DD79200C325A1 /* Subject.swift */,
				2342E9F5269DEF4800C325A1 /* DataSaver.swift */,
				2359A03D26A1FB2B0080FF7F /* DateUtil.swift */,
				232F115E26A592DB000EA830 /* TimeConverter.swift */,
				232F116026A5A488000EA830 /* Entire.swift */,
				232F116226A5A495000EA830 /* Month.swift */,
			);
			path = Utils;
			sourceTree = "<group>";
		};
		2342E9E5269DC21300C325A1 /* Extensions */ = {
			isa = PBXGroup;
			children = (
				2342E9E6269DC23100C325A1 /* CGRect+.swift */,
				2342E9ED269DD39500C325A1 /* UIColor+.swift */,
				239F5B7226A4047600120BDA /* UIStackView+.swift */,
			);
			path = Extensions;
			sourceTree = "<group>";
		};
		2342E9E8269DC26500C325A1 /* UI */ = {
			isa = PBXGroup;
			children = (
				2342E9EF269DD44900C325A1 /* UX.swift */,
				2359A03B26A1EB560080FF7F /* TotalProgress.swift */,
				2342E9EA269DC27700C325A1 /* View */,
				2342E9E9269DC26C00C325A1 /* ViewController */,
			);
			path = UI;
			sourceTree = "<group>";
		};
		2342E9E9269DC26C00C325A1 /* ViewController */ = {
			isa = PBXGroup;
			children = (
				230EDB17269DA0EA006F4EF4 /* StudyPageViewController.swift */,
				2342E9EB269DC6EA00C325A1 /* StudyCollectionViewController.swift */,
				23226E6E269ECC0A002563AA /* NewSubjectController.swift */,
				2359A03526A19C7E0080FF7F /* EditViewController.swift */,
				2359A03726A1C1020080FF7F /* DateViewController.swift */,
				2359A03926A1E6090080FF7F /* TotalViewController.swift */,
				232F116426A87009000EA830 /* SubjectDetailViewController.swift */,
				232F116626A9568A000EA830 /* HistoryUpdateViewController.swift */,
				2385B9E126B4712C006A2E72 /* GoalTimeUpdateViewController.swift */,
			);
			path = ViewController;
			sourceTree = "<group>";
		};
		2342E9EA269DC27700C325A1 /* View */ = {
			isa = PBXGroup;
			children = (
				2342E9F3269DD7D100C325A1 /* StudyCollectionCell.swift */,
			);
			path = View;
			sourceTree = "<group>";
		};
		97B8EFA79AFEB5B97E15CC28 /* Frameworks */ = {
			isa = PBXGroup;
			children = (
				993584280FE6065C151C2C9C /* Pods_StudyTimer.framework */,
			);
			name = Frameworks;
			sourceTree = "<group>";
		};
		E0B0EE3DC88FE2E5464D215F /* Pods */ = {
			isa = PBXGroup;
			children = (
				0C4F28279743328BC7876DE7 /* Pods-StudyTimer.debug.xcconfig */,
				1CB47B71B6A614476E18A241 /* Pods-StudyTimer.release.xcconfig */,
			);
			path = Pods;
			sourceTree = "<group>";
		};
/* End PBXGroup section */

/* Begin PBXNativeTarget section */
		230EDB0F269DA0EA006F4EF4 /* StudyTimer */ = {
			isa = PBXNativeTarget;
			buildConfigurationList = 230EDB24269DA0EF006F4EF4 /* Build configuration list for PBXNativeTarget "StudyTimer" */;
			buildPhases = (
				273C253FBB519B1807DEABC6 /* [CP] Check Pods Manifest.lock */,
				230EDB0C269DA0EA006F4EF4 /* Sources */,
				230EDB0D269DA0EA006F4EF4 /* Frameworks */,
				230EDB0E269DA0EA006F4EF4 /* Resources */,
				FC7EAEFF45F316DC3258AB06 /* [CP] Embed Pods Frameworks */,
			);
			buildRules = (
			);
			dependencies = (
			);
			name = StudyTimer;
			productName = StudyTimer;
			productReference = 230EDB10269DA0EA006F4EF4 /* StudyTimer.app */;
			productType = "com.apple.product-type.application";
		};
/* End PBXNativeTarget section */

/* Begin PBXProject section */
		230EDB08269DA0EA006F4EF4 /* Project object */ = {
			isa = PBXProject;
			attributes = {
				LastSwiftUpdateCheck = 1250;
				LastUpgradeCheck = 1250;
				TargetAttributes = {
					230EDB0F269DA0EA006F4EF4 = {
						CreatedOnToolsVersion = 12.5;
					};
				};
			};
			buildConfigurationList = 230EDB0B269DA0EA006F4EF4 /* Build configuration list for PBXProject "StudyTimer" */;
			compatibilityVersion = "Xcode 9.3";
			developmentRegion = en;
			hasScannedForEncodings = 0;
			knownRegions = (
				en,
				Base,
			);
			mainGroup = 230EDB07269DA0EA006F4EF4;
			productRefGroup = 230EDB11269DA0EA006F4EF4 /* Products */;
			projectDirPath = "";
			projectRoot = "";
			targets = (
				230EDB0F269DA0EA006F4EF4 /* StudyTimer */,
			);
		};
/* End PBXProject section */

/* Begin PBXResourcesBuildPhase section */
		230EDB0E269DA0EA006F4EF4 /* Resources */ = {
			isa = PBXResourcesBuildPhase;
			buildActionMask = 2147483647;
			files = (
				230EDB20269DA0EF006F4EF4 /* LaunchScreen.storyboard in Resources */,
				230EDB1D269DA0EF006F4EF4 /* Assets.xcassets in Resources */,
				230EDB1B269DA0EA006F4EF4 /* Main.storyboard in Resources */,
			);
			runOnlyForDeploymentPostprocessing = 0;
		};
/* End PBXResourcesBuildPhase section */

/* Begin PBXShellScriptBuildPhase section */
		273C253FBB519B1807DEABC6 /* [CP] Check Pods Manifest.lock */ = {
			isa = PBXShellScriptBuildPhase;
			buildActionMask = 2147483647;
			files = (
			);
			inputFileListPaths = (
			);
			inputPaths = (
				"${PODS_PODFILE_DIR_PATH}/Podfile.lock",
				"${PODS_ROOT}/Manifest.lock",
			);
			name = "[CP] Check Pods Manifest.lock";
			outputFileListPaths = (
			);
			outputPaths = (
				"$(DERIVED_FILE_DIR)/Pods-StudyTimer-checkManifestLockResult.txt",
			);
			runOnlyForDeploymentPostprocessing = 0;
			shellPath = /bin/sh;
			shellScript = "diff \"${PODS_PODFILE_DIR_PATH}/Podfile.lock\" \"${PODS_ROOT}/Manifest.lock\" > /dev/null\nif [ $? != 0 ] ; then\n    # print error to STDERR\n    echo \"error: The sandbox is not in sync with the Podfile.lock. Run 'pod install' or update your CocoaPods installation.\" >&2\n    exit 1\nfi\n# This output is used by Xcode 'outputs' to avoid re-running this script phase.\necho \"SUCCESS\" > \"${SCRIPT_OUTPUT_FILE_0}\"\n";
			showEnvVarsInLog = 0;
		};
		FC7EAEFF45F316DC3258AB06 /* [CP] Embed Pods Frameworks */ = {
			isa = PBXShellScriptBuildPhase;
			buildActionMask = 2147483647;
			files = (
			);
			inputFileListPaths = (
				"${PODS_ROOT}/Target Support Files/Pods-StudyTimer/Pods-StudyTimer-frameworks-${CONFIGURATION}-input-files.xcfilelist",
			);
			name = "[CP] Embed Pods Frameworks";
			outputFileListPaths = (
				"${PODS_ROOT}/Target Support Files/Pods-StudyTimer/Pods-StudyTimer-frameworks-${CONFIGURATION}-output-files.xcfilelist",
			);
			runOnlyForDeploymentPostprocessing = 0;
			shellPath = /bin/sh;
			shellScript = "\"${PODS_ROOT}/Target Support Files/Pods-StudyTimer/Pods-StudyTimer-frameworks.sh\"\n";
			showEnvVarsInLog = 0;
		};
/* End PBXShellScriptBuildPhase section */

/* Begin PBXSourcesBuildPhase section */
		230EDB0C269DA0EA006F4EF4 /* Sources */ = {
			isa = PBXSourcesBuildPhase;
			buildActionMask = 2147483647;
			files = (
				2359A03626A19C7E0080FF7F /* EditViewController.swift in Sources */,
				2342E9F6269DEF4800C325A1 /* DataSaver.swift in Sources */,
				232F116326A5A495000EA830 /* Month.swift in Sources */,
				232F116126A5A488000EA830 /* Entire.swift in Sources */,
				2359A03826A1C1020080FF7F /* DateViewController.swift in Sources */,
				2342E9F2269DD79200C325A1 /* Subject.swift in Sources */,
				2342E9F0269DD44900C325A1 /* UX.swift in Sources */,
				2359A03E26A1FB2B0080FF7F /* DateUtil.swift in Sources */,
				2342E9EC269DC6EA00C325A1 /* StudyCollectionViewController.swift in Sources */,
				239F5B7326A4047600120BDA /* UIStackView+.swift in Sources */,
				2342E9E4269DBD9F00C325A1 /* Then.swift in Sources */,
				2359A03C26A1EB560080FF7F /* TotalProgress.swift in Sources */,
				230EDB18269DA0EA006F4EF4 /* StudyPageViewController.swift in Sources */,
				2359A03A26A1E6090080FF7F /* TotalViewController.swift in Sources */,
				232F116526A87009000EA830 /* SubjectDetailViewController.swift in Sources */,
				2342E9F4269DD7D100C325A1 /* StudyCollectionCell.swift in Sources */,
				23226E6F269ECC0A002563AA /* NewSubjectController.swift in Sources */,
				232F115F26A592DB000EA830 /* TimeConverter.swift in Sources */,
				230EDB14269DA0EA006F4EF4 /* AppDelegate.swift in Sources */,
				230EDB16269DA0EA006F4EF4 /* SceneDelegate.swift in Sources */,
				232F116726A9568A000EA830 /* HistoryUpdateViewController.swift in Sources */,
				2385B9E226B4712C006A2E72 /* GoalTimeUpdateViewController.swift in Sources */,
				2342E9E7269DC23100C325A1 /* CGRect+.swift in Sources */,
				2342E9EE269DD39500C325A1 /* UIColor+.swift in Sources */,
			);
			runOnlyForDeploymentPostprocessing = 0;
		};
/* End PBXSourcesBuildPhase section */

/* Begin PBXVariantGroup section */
		230EDB19269DA0EA006F4EF4 /* Main.storyboard */ = {
			isa = PBXVariantGroup;
			children = (
				230EDB1A269DA0EA006F4EF4 /* Base */,
			);
			name = Main.storyboard;
			sourceTree = "<group>";
		};
		230EDB1E269DA0EF006F4EF4 /* LaunchScreen.storyboard */ = {
			isa = PBXVariantGroup;
			children = (
				230EDB1F269DA0EF006F4EF4 /* Base */,
			);
			name = LaunchScreen.storyboard;
			sourceTree = "<group>";
		};
/* End PBXVariantGroup section */

/* Begin XCBuildConfiguration section */
		230EDB22269DA0EF006F4EF4 /* Debug */ = {
			isa = XCBuildConfiguration;
			buildSettings = {
				ALWAYS_SEARCH_USER_PATHS = NO;
				CLANG_ANALYZER_NONNULL = YES;
				CLANG_ANALYZER_NUMBER_OBJECT_CONVERSION = YES_AGGRESSIVE;
				CLANG_CXX_LANGUAGE_STANDARD = "gnu++14";
				CLANG_CXX_LIBRARY = "libc++";
				CLANG_ENABLE_MODULES = YES;
				CLANG_ENABLE_OBJC_ARC = YES;
				CLANG_ENABLE_OBJC_WEAK = YES;
				CLANG_WARN_BLOCK_CAPTURE_AUTORELEASING = YES;
				CLANG_WARN_BOOL_CONVERSION = YES;
				CLANG_WARN_COMMA = YES;
				CLANG_WARN_CONSTANT_CONVERSION = YES;
				CLANG_WARN_DEPRECATED_OBJC_IMPLEMENTATIONS = YES;
				CLANG_WARN_DIRECT_OBJC_ISA_USAGE = YES_ERROR;
				CLANG_WARN_DOCUMENTATION_COMMENTS = YES;
				CLANG_WARN_EMPTY_BODY = YES;
				CLANG_WARN_ENUM_CONVERSION = YES;
				CLANG_WARN_INFINITE_RECURSION = YES;
				CLANG_WARN_INT_CONVERSION = YES;
				CLANG_WARN_NON_LITERAL_NULL_CONVERSION = YES;
				CLANG_WARN_OBJC_IMPLICIT_RETAIN_SELF = YES;
				CLANG_WARN_OBJC_LITERAL_CONVERSION = YES;
				CLANG_WARN_OBJC_ROOT_CLASS = YES_ERROR;
				CLANG_WARN_QUOTED_INCLUDE_IN_FRAMEWORK_HEADER = YES;
				CLANG_WARN_RANGE_LOOP_ANALYSIS = YES;
				CLANG_WARN_STRICT_PROTOTYPES = YES;
				CLANG_WARN_SUSPICIOUS_MOVE = YES;
				CLANG_WARN_UNGUARDED_AVAILABILITY = YES_AGGRESSIVE;
				CLANG_WARN_UNREACHABLE_CODE = YES;
				CLANG_WARN__DUPLICATE_METHOD_MATCH = YES;
				COPY_PHASE_STRIP = NO;
				DEBUG_INFORMATION_FORMAT = dwarf;
				ENABLE_STRICT_OBJC_MSGSEND = YES;
				ENABLE_TESTABILITY = YES;
				GCC_C_LANGUAGE_STANDARD = gnu11;
				GCC_DYNAMIC_NO_PIC = NO;
				GCC_NO_COMMON_BLOCKS = YES;
				GCC_OPTIMIZATION_LEVEL = 0;
				GCC_PREPROCESSOR_DEFINITIONS = (
					"DEBUG=1",
					"$(inherited)",
				);
				GCC_WARN_64_TO_32_BIT_CONVERSION = YES;
				GCC_WARN_ABOUT_RETURN_TYPE = YES_ERROR;
				GCC_WARN_UNDECLARED_SELECTOR = YES;
				GCC_WARN_UNINITIALIZED_AUTOS = YES_AGGRESSIVE;
				GCC_WARN_UNUSED_FUNCTION = YES;
				GCC_WARN_UNUSED_VARIABLE = YES;
				IPHONEOS_DEPLOYMENT_TARGET = 14.5;
				MTL_ENABLE_DEBUG_INFO = INCLUDE_SOURCE;
				MTL_FAST_MATH = YES;
				ONLY_ACTIVE_ARCH = YES;
				SDKROOT = iphoneos;
				SWIFT_ACTIVE_COMPILATION_CONDITIONS = DEBUG;
				SWIFT_OPTIMIZATION_LEVEL = "-Onone";
			};
			name = Debug;
		};
		230EDB23269DA0EF006F4EF4 /* Release */ = {
			isa = XCBuildConfiguration;
			buildSettings = {
				ALWAYS_SEARCH_USER_PATHS = NO;
				CLANG_ANALYZER_NONNULL = YES;
				CLANG_ANALYZER_NUMBER_OBJECT_CONVERSION = YES_AGGRESSIVE;
				CLANG_CXX_LANGUAGE_STANDARD = "gnu++14";
				CLANG_CXX_LIBRARY = "libc++";
				CLANG_ENABLE_MODULES = YES;
				CLANG_ENABLE_OBJC_ARC = YES;
				CLANG_ENABLE_OBJC_WEAK = YES;
				CLANG_WARN_BLOCK_CAPTURE_AUTORELEASING = YES;
				CLANG_WARN_BOOL_CONVERSION = YES;
				CLANG_WARN_COMMA = YES;
				CLANG_WARN_CONSTANT_CONVERSION = YES;
				CLANG_WARN_DEPRECATED_OBJC_IMPLEMENTATIONS = YES;
				CLANG_WARN_DIRECT_OBJC_ISA_USAGE = YES_ERROR;
				CLANG_WARN_DOCUMENTATION_COMMENTS = YES;
				CLANG_WARN_EMPTY_BODY = YES;
				CLANG_WARN_ENUM_CONVERSION = YES;
				CLANG_WARN_INFINITE_RECURSION = YES;
				CLANG_WARN_INT_CONVERSION = YES;
				CLANG_WARN_NON_LITERAL_NULL_CONVERSION = YES;
				CLANG_WARN_OBJC_IMPLICIT_RETAIN_SELF = YES;
				CLANG_WARN_OBJC_LITERAL_CONVERSION = YES;
				CLANG_WARN_OBJC_ROOT_CLASS = YES_ERROR;
				CLANG_WARN_QUOTED_INCLUDE_IN_FRAMEWORK_HEADER = YES;
				CLANG_WARN_RANGE_LOOP_ANALYSIS = YES;
				CLANG_WARN_STRICT_PROTOTYPES = YES;
				CLANG_WARN_SUSPICIOUS_MOVE = YES;
				CLANG_WARN_UNGUARDED_AVAILABILITY = YES_AGGRESSIVE;
				CLANG_WARN_UNREACHABLE_CODE = YES;
				CLANG_WARN__DUPLICATE_METHOD_MATCH = YES;
				COPY_PHASE_STRIP = NO;
				DEBUG_INFORMATION_FORMAT = "dwarf-with-dsym";
				ENABLE_NS_ASSERTIONS = NO;
				ENABLE_STRICT_OBJC_MSGSEND = YES;
				GCC_C_LANGUAGE_STANDARD = gnu11;
				GCC_NO_COMMON_BLOCKS = YES;
				GCC_WARN_64_TO_32_BIT_CONVERSION = YES;
				GCC_WARN_ABOUT_RETURN_TYPE = YES_ERROR;
				GCC_WARN_UNDECLARED_SELECTOR = YES;
				GCC_WARN_UNINITIALIZED_AUTOS = YES_AGGRESSIVE;
				GCC_WARN_UNUSED_FUNCTION = YES;
				GCC_WARN_UNUSED_VARIABLE = YES;
				IPHONEOS_DEPLOYMENT_TARGET = 14.5;
				MTL_ENABLE_DEBUG_INFO = NO;
				MTL_FAST_MATH = YES;
				SDKROOT = iphoneos;
				SWIFT_COMPILATION_MODE = wholemodule;
				SWIFT_OPTIMIZATION_LEVEL = "-O";
				VALIDATE_PRODUCT = YES;
			};
			name = Release;
		};
		230EDB25269DA0EF006F4EF4 /* Debug */ = {
			isa = XCBuildConfiguration;
			baseConfigurationReference = 0C4F28279743328BC7876DE7 /* Pods-StudyTimer.debug.xcconfig */;
			buildSettings = {
				ASSETCATALOG_COMPILER_APPICON_NAME = AppIcon;
				ASSETCATALOG_COMPILER_GLOBAL_ACCENT_COLOR_NAME = AccentColor;
				CODE_SIGN_STYLE = Automatic;
				DEVELOPMENT_TEAM = Z22QB5X543;
				INFOPLIST_FILE = StudyTimer/Info.plist;
				IPHONEOS_DEPLOYMENT_TARGET = 13.0;
				LD_RUNPATH_SEARCH_PATHS = (
					"$(inherited)",
					"@executable_path/Frameworks",
				);
				PRODUCT_BUNDLE_IDENTIFIER = com.shibuya.StudyTimer;
				PRODUCT_NAME = "$(TARGET_NAME)";
				SWIFT_VERSION = 5.0;
				TARGETED_DEVICE_FAMILY = 1;
			};
			name = Debug;
		};
		230EDB26269DA0EF006F4EF4 /* Release */ = {
			isa = XCBuildConfiguration;
			baseConfigurationReference = 1CB47B71B6A614476E18A241 /* Pods-StudyTimer.release.xcconfig */;
			buildSettings = {
				ASSETCATALOG_COMPILER_APPICON_NAME = AppIcon;
				ASSETCATALOG_COMPILER_GLOBAL_ACCENT_COLOR_NAME = AccentColor;
				CODE_SIGN_STYLE = Automatic;
				DEVELOPMENT_TEAM = Z22QB5X543;
				INFOPLIST_FILE = StudyTimer/Info.plist;
				IPHONEOS_DEPLOYMENT_TARGET = 13.0;
				LD_RUNPATH_SEARCH_PATHS = (
					"$(inherited)",
					"@executable_path/Frameworks",
				);
				PRODUCT_BUNDLE_IDENTIFIER = com.shibuya.StudyTimer;
				PRODUCT_NAME = "$(TARGET_NAME)";
				SWIFT_VERSION = 5.0;
				TARGETED_DEVICE_FAMILY = 1;
			};
			name = Release;
		};
/* End XCBuildConfiguration section */

/* Begin XCConfigurationList section */
		230EDB0B269DA0EA006F4EF4 /* Build configuration list for PBXProject "StudyTimer" */ = {
			isa = XCConfigurationList;
			buildConfigurations = (
				230EDB22269DA0EF006F4EF4 /* Debug */,
				230EDB23269DA0EF006F4EF4 /* Release */,
			);
			defaultConfigurationIsVisible = 0;
			defaultConfigurationName = Release;
		};
		230EDB24269DA0EF006F4EF4 /* Build configuration list for PBXNativeTarget "StudyTimer" */ = {
			isa = XCConfigurationList;
			buildConfigurations = (
				230EDB25269DA0EF006F4EF4 /* Debug */,
				230EDB26269DA0EF006F4EF4 /* Release */,
			);
			defaultConfigurationIsVisible = 0;
			defaultConfigurationName = Release;
		};
/* End XCConfigurationList section */
	};
	rootObject = 230EDB08269DA0EA006F4EF4 /* Project object */;
}
